
Microsoft Visual Studio Solution File, Format Version 12.00
# Visual Studio 15
VisualStudioVersion = 15.0.28306.52
MinimumVisualStudioVersion = 10.0.40219.1
Project("{FAE04EC0-301F-11D3-BF4B-00C04F79EFBC}") = "MusicPlayerNew", "MusicPlayerNew\MusicPlayerNew.csproj", "{CF0C7AD5-43E5-42F6-9461-0027115EBA3F}"
EndProject
Global
	GlobalSection(SolutionConfigurationPlatforms) = preSolution
		Debug|Any CPU = Debug|Any CPU
		Release|Any CPU = Release|Any CPU
	EndGlobalSection
	GlobalSection(ProjectConfigurationPlatforms) = postSolution
		{CF0C7AD5-43E5-42F6-9461-0027115EBA3F}.Debug|Any CPU.ActiveCfg = Debug|Any CPU
		{CF0C7AD5-43E5-42F6-9461-0027115EBA3F}.Debug|Any CPU.Build.0 = Debug|Any CPU
		{CF0C7AD5-43E5-42F6-9461-0027115EBA3F}.Release|Any CPU.ActiveCfg = Release|Any CPU
		{CF0C7AD5-43E5-42F6-9461-0027115EBA3F}.Release|Any CPU.Build.0 = Release|Any CPU
	EndGlobalSection
	GlobalSection(SolutionProperties) = preSolution
		HideSolutionNode = FALSE
	EndGlobalSection
	GlobalSection(ExtensibilityGlobals) = postSolution
		SolutionGuid = {E4638227-FE93-4F6F-82A5-90C5C7C1BD28}
	EndGlobalSection
EndGlobal
